
Microsoft Visual Studio Solution File, Format Version 12.00
# Visual Studio Version 17
VisualStudioVersion = 17.11.35312.102
MinimumVisualStudioVersion = 10.0.40219.1
Project("{9A19103F-16F7-4668-BE54-9A1E7A4F7556}") = "MadCore", "MadCore.csproj", "{3DBAFEB5-599B-4E02-963F-663319A536CA}"
EndProject
Global
	GlobalSection(SolutionConfigurationPlatforms) = preSolution
		Debug|Any CPU = Debug|Any CPU
		Release|Any CPU = Release|Any CPU
	EndGlobalSection
	GlobalSection(ProjectConfigurationPlatforms) = postSolution
		{3DBAFEB5-599B-4E02-963F-663319A536CA}.Debug|Any CPU.ActiveCfg = Debug|Any CPU
		{3DBAFEB5-599B-4E02-963F-663319A536CA}.Debug|Any CPU.Build.0 = Debug|Any CPU
		{3DBAFEB5-599B-4E02-963F-663319A536CA}.Release|Any CPU.ActiveCfg = Release|Any CPU
		{3DBAFEB5-599B-4E02-963F-663319A536CA}.Release|Any CPU.Build.0 = Release|Any CPU
	EndGlobalSection
	GlobalSection(SolutionProperties) = preSolution
		HideSolutionNode = FALSE
	EndGlobalSection
	GlobalSection(ExtensibilityGlobals) = postSolution
		SolutionGuid = {CEE1A6CE-56A7-4848-82F1-34A1BA6B62C9}
	EndGlobalSection
EndGlobal
